// !$*UTF8*$!
{
	archiveVersion = 1;
	classes = {
	};
	objectVersion = 46;
	objects = {

/* Begin PBXBuildFile section */
		07303A71163F4FDE005F7A59 /* BuildOnSaveDialog.xib in Resources */ = {isa = PBXBuildFile; fileRef = 07303A70163F4FDE005F7A59 /* BuildOnSaveDialog.xib */; };
		074BDF56163FBC0D0012C97B /* sites.xml in Resources */ = {isa = PBXBuildFile; fileRef = 074BDF55163FBC0D0012C97B /* sites.xml */; };
		074BDF7A163FC0580012C97B /* license.txt in Resources */ = {isa = PBXBuildFile; fileRef = 074BDF79163FC0580012C97B /* license.txt */; };
		07ADE186163D13A900DB220F /* BuildOnSaveStatus.xib in Resources */ = {isa = PBXBuildFile; fileRef = 07ADE185163D13A900DB220F /* BuildOnSaveStatus.xib */; };
		07CEC2A0163D3FFD00F015DC /* settings.xml in Resources */ = {isa = PBXBuildFile; fileRef = 07CEC29F163D3FFD00F015DC /* settings.xml */; };
		8D5B49B0048680CD000E48DA /* InfoPlist.strings in Resources */ = {isa = PBXBuildFile; fileRef = 089C167DFE841241C02AAC07 /* InfoPlist.strings */; };
		8D5B49B4048680CD000E48DA /* Cocoa.framework in Frameworks */ = {isa = PBXBuildFile; fileRef = 1058C7ADFEA557BF11CA2CBB /* Cocoa.framework */; };
		BEAA0D340EB0F00F002630D0 /* BuildOnSavePlugIn.m in Sources */ = {isa = PBXBuildFile; fileRef = BEAA0D320EB0F00F002630D0 /* BuildOnSavePlugIn.m */; };
		BEAA0D4F0EB0F2B6002630D0 /* ZapDialog.nib in Resources */ = {isa = PBXBuildFile; fileRef = BEAA0D4D0EB0F2B6002630D0 /* ZapDialog.nib */; };
		BEAA0F3C0EB125CD002630D0 /* Localizable.strings in Resources */ = {isa = PBXBuildFile; fileRef = BEAA0F3B0EB125CD002630D0 /* Localizable.strings */; };
/* End PBXBuildFile section */

/* Begin PBXFileReference section */
		07303A70163F4FDE005F7A59 /* BuildOnSaveDialog.xib */ = {isa = PBXFileReference; lastKnownFileType = file.xib; path = BuildOnSaveDialog.xib; sourceTree = "<group>"; };
		074BDF55163FBC0D0012C97B /* sites.xml */ = {isa = PBXFileReference; fileEncoding = 4; lastKnownFileType = text.xml; path = sites.xml; sourceTree = "<group>"; };
		074BDF79163FC0580012C97B /* license.txt */ = {isa = PBXFileReference; fileEncoding = 4; lastKnownFileType = text; path = license.txt; sourceTree = "<group>"; };
		07ADE0CE163CFB6C00DB220F /* CodaPlugInsController.h */ = {isa = PBXFileReference; fileEncoding = 4; lastKnownFileType = sourcecode.c.h; path = CodaPlugInsController.h; sourceTree = "<group>"; };
		07ADE185163D13A900DB220F /* BuildOnSaveStatus.xib */ = {isa = PBXFileReference; lastKnownFileType = file.xib; path = BuildOnSaveStatus.xib; sourceTree = "<group>"; };
		07CEC29F163D3FFD00F015DC /* settings.xml */ = {isa = PBXFileReference; fileEncoding = 4; lastKnownFileType = text.xml; path = settings.xml; sourceTree = "<group>"; };
		089C1672FE841209C02AAC07 /* Foundation.framework */ = {isa = PBXFileReference; lastKnownFileType = wrapper.framework; name = Foundation.framework; path = /System/Library/Frameworks/Foundation.framework; sourceTree = "<absolute>"; };
		089C167EFE841241C02AAC07 /* English */ = {isa = PBXFileReference; fileEncoding = 10; lastKnownFileType = text.plist.strings; name = English; path = English.lproj/InfoPlist.strings; sourceTree = "<group>"; };
		089C167FFE841241C02AAC07 /* AppKit.framework */ = {isa = PBXFileReference; lastKnownFileType = wrapper.framework; name = AppKit.framework; path = /System/Library/Frameworks/AppKit.framework; sourceTree = "<absolute>"; };
		1058C7ADFEA557BF11CA2CBB /* Cocoa.framework */ = {isa = PBXFileReference; lastKnownFileType = wrapper.framework; name = Cocoa.framework; path = /System/Library/Frameworks/Cocoa.framework; sourceTree = "<absolute>"; };
		32DBCF630370AF2F00C91783 /* BuildOnSave_Prefix.pch */ = {isa = PBXFileReference; fileEncoding = 4; lastKnownFileType = sourcecode.c.h; path = BuildOnSave_Prefix.pch; sourceTree = "<group>"; };
		8D5B49B6048680CD000E48DA /* BuildOnSave.codaplugin */ = {isa = PBXFileReference; explicitFileType = wrapper.cfbundle; includeInIndex = 0; path = BuildOnSave.codaplugin; sourceTree = BUILT_PRODUCTS_DIR; };
		8D5B49B7048680CD000E48DA /* Info.plist */ = {isa = PBXFileReference; fileEncoding = 4; lastKnownFileType = text.plist.xml; path = Info.plist; sourceTree = "<group>"; };
		BEAA0D320EB0F00F002630D0 /* BuildOnSavePlugIn.m */ = {isa = PBXFileReference; fileEncoding = 4; lastKnownFileType = sourcecode.c.objc; path = BuildOnSavePlugIn.m; sourceTree = "<group>"; };
		BEAA0D330EB0F00F002630D0 /* BuildOnSavePlugIn.h */ = {isa = PBXFileReference; fileEncoding = 4; lastKnownFileType = sourcecode.c.h; path = BuildOnSavePlugIn.h; sourceTree = "<group>"; };
		BEAA0D460EB0F0BC002630D0 /* English */ = {isa = PBXFileReference; fileEncoding = 10; lastKnownFileType = text.plist.strings; name = English; path = English.lproj/Localizable.strings; sourceTree = "<group>"; };
		BEAA0D4E0EB0F2B6002630D0 /* English */ = {isa = PBXFileReference; lastKnownFileType = wrapper.nib; name = English; path = English.lproj/ZapDialog.nib; sourceTree = "<group>"; };
		D2F7E65807B2D6F200F64583 /* CoreData.framework */ = {isa = PBXFileReference; lastKnownFileType = wrapper.framework; name = CoreData.framework; path = /System/Library/Frameworks/CoreData.framework; sourceTree = "<absolute>"; };
/* End PBXFileReference section */

/* Begin PBXFrameworksBuildPhase section */
		8D5B49B3048680CD000E48DA /* Frameworks */ = {
			isa = PBXFrameworksBuildPhase;
			buildActionMask = 2147483647;
			files = (
				8D5B49B4048680CD000E48DA /* Cocoa.framework in Frameworks */,
			);
			runOnlyForDeploymentPostprocessing = 0;
		};
/* End PBXFrameworksBuildPhase section */

/* Begin PBXGroup section */
		089C166AFE841209C02AAC07 /* Zap Gremlins */ = {
			isa = PBXGroup;
			children = (
				08FB77AFFE84173DC02AAC07 /* Classes */,
				32C88E010371C26100C91783 /* Other Sources */,
				089C167CFE841241C02AAC07 /* Resources */,
				089C1671FE841209C02AAC07 /* Frameworks and Libraries */,
				19C28FB8FE9D52D311CA2CBB /* Products */,
				074BDF79163FC0580012C97B /* license.txt */,
			);
			name = "Zap Gremlins";
			sourceTree = "<group>";
		};
		089C1671FE841209C02AAC07 /* Frameworks and Libraries */ = {
			isa = PBXGroup;
			children = (
				1058C7ACFEA557BF11CA2CBB /* Linked Frameworks */,
				1058C7AEFEA557BF11CA2CBB /* Other Frameworks */,
			);
			name = "Frameworks and Libraries";
			sourceTree = "<group>";
		};
		089C167CFE841241C02AAC07 /* Resources */ = {
			isa = PBXGroup;
			children = (
				8D5B49B7048680CD000E48DA /* Info.plist */,
				089C167DFE841241C02AAC07 /* InfoPlist.strings */,
				BEAA0F3B0EB125CD002630D0 /* Localizable.strings */,
				BEAA0D4D0EB0F2B6002630D0 /* ZapDialog.nib */,
				07ADE185163D13A900DB220F /* BuildOnSaveStatus.xib */,
				07CEC29F163D3FFD00F015DC /* settings.xml */,
				07303A70163F4FDE005F7A59 /* BuildOnSaveDialog.xib */,
				074BDF55163FBC0D0012C97B /* sites.xml */,
			);
			name = Resources;
			sourceTree = "<group>";
		};
		08FB77AFFE84173DC02AAC07 /* Classes */ = {
			isa = PBXGroup;
			children = (
				07ADE0CE163CFB6C00DB220F /* CodaPlugInsController.h */,
				BEAA0D330EB0F00F002630D0 /* BuildOnSavePlugIn.h */,
				BEAA0D320EB0F00F002630D0 /* BuildOnSavePlugIn.m */,
			);
			name = Classes;
			sourceTree = "<group>";
		};
		1058C7ACFEA557BF11CA2CBB /* Linked Frameworks */ = {
			isa = PBXGroup;
			children = (
				1058C7ADFEA557BF11CA2CBB /* Cocoa.framework */,
			);
			name = "Linked Frameworks";
			sourceTree = "<group>";
		};
		1058C7AEFEA557BF11CA2CBB /* Other Frameworks */ = {
			isa = PBXGroup;
			children = (
				089C167FFE841241C02AAC07 /* AppKit.framework */,
				D2F7E65807B2D6F200F64583 /* CoreData.framework */,
				089C1672FE841209C02AAC07 /* Foundation.framework */,
			);
			name = "Other Frameworks";
			sourceTree = "<group>";
		};
		19C28FB8FE9D52D311CA2CBB /* Products */ = {
			isa = PBXGroup;
			children = (
				8D5B49B6048680CD000E48DA /* BuildOnSave.codaplugin */,
			);
			name = Products;
			sourceTree = "<group>";
		};
		32C88E010371C26100C91783 /* Other Sources */ = {
			isa = PBXGroup;
			children = (
				32DBCF630370AF2F00C91783 /* BuildOnSave_Prefix.pch */,
			);
			name = "Other Sources";
			sourceTree = "<group>";
		};
/* End PBXGroup section */

/* Begin PBXNativeTarget section */
		8D5B49AC048680CD000E48DA /* BuildOnSave */ = {
			isa = PBXNativeTarget;
			buildConfigurationList = 1DEB913A08733D840010E9CD /* Build configuration list for PBXNativeTarget "BuildOnSave" */;
			buildPhases = (
				8D5B49AF048680CD000E48DA /* Resources */,
				8D5B49B1048680CD000E48DA /* Sources */,
				8D5B49B3048680CD000E48DA /* Frameworks */,
			);
			buildRules = (
			);
			dependencies = (
			);
			name = BuildOnSave;
			productInstallPath = "$(HOME)/Library/Bundles";
			productName = "Zap Gremlins";
			productReference = 8D5B49B6048680CD000E48DA /* BuildOnSave.codaplugin */;
			productType = "com.apple.product-type.bundle";
		};
/* End PBXNativeTarget section */

/* Begin PBXProject section */
		089C1669FE841209C02AAC07 /* Project object */ = {
			isa = PBXProject;
			attributes = {
				LastUpgradeCheck = 0430;
			};
			buildConfigurationList = 1DEB913E08733D840010E9CD /* Build configuration list for PBXProject "BuildOnSave" */;
			compatibilityVersion = "Xcode 3.2";
			developmentRegion = English;
			hasScannedForEncodings = 1;
			knownRegions = (
				en,
			);
			mainGroup = 089C166AFE841209C02AAC07 /* Zap Gremlins */;
			projectDirPath = "";
			projectRoot = "";
			targets = (
				8D5B49AC048680CD000E48DA /* BuildOnSave */,
			);
		};
/* End PBXProject section */

/* Begin PBXResourcesBuildPhase section */
		8D5B49AF048680CD000E48DA /* Resources */ = {
			isa = PBXResourcesBuildPhase;
			buildActionMask = 2147483647;
			files = (
				8D5B49B0048680CD000E48DA /* InfoPlist.strings in Resources */,
				BEAA0F3C0EB125CD002630D0 /* Localizable.strings in Resources */,
				BEAA0D4F0EB0F2B6002630D0 /* ZapDialog.nib in Resources */,
				07ADE186163D13A900DB220F /* BuildOnSaveStatus.xib in Resources */,
				07CEC2A0163D3FFD00F015DC /* settings.xml in Resources */,
				07303A71163F4FDE005F7A59 /* BuildOnSaveDialog.xib in Resources */,
				074BDF56163FBC0D0012C97B /* sites.xml in Resources */,
				074BDF7A163FC0580012C97B /* license.txt in Resources */,
			);
			runOnlyForDeploymentPostprocessing = 0;
		};
/* End PBXResourcesBuildPhase section */

/* Begin PBXSourcesBuildPhase section */
		8D5B49B1048680CD000E48DA /* Sources */ = {
			isa = PBXSourcesBuildPhase;
			buildActionMask = 2147483647;
			files = (
				BEAA0D340EB0F00F002630D0 /* BuildOnSavePlugIn.m in Sources */,
			);
			runOnlyForDeploymentPostprocessing = 0;
		};
/* End PBXSourcesBuildPhase section */

/* Begin PBXVariantGroup section */
		089C167DFE841241C02AAC07 /* InfoPlist.strings */ = {
			isa = PBXVariantGroup;
			children = (
				089C167EFE841241C02AAC07 /* English */,
			);
			name = InfoPlist.strings;
			sourceTree = "<group>";
		};
		BEAA0D4D0EB0F2B6002630D0 /* ZapDialog.nib */ = {
			isa = PBXVariantGroup;
			children = (
				BEAA0D4E0EB0F2B6002630D0 /* English */,
			);
			name = ZapDialog.nib;
			sourceTree = "<group>";
		};
		BEAA0F3B0EB125CD002630D0 /* Localizable.strings */ = {
			isa = PBXVariantGroup;
			children = (
				BEAA0D460EB0F0BC002630D0 /* English */,
			);
			name = Localizable.strings;
			sourceTree = "<group>";
		};
/* End PBXVariantGroup section */

/* Begin XCBuildConfiguration section */
		1DEB913B08733D840010E9CD /* Debug */ = {
			isa = XCBuildConfiguration;
			buildSettings = {
				ALWAYS_SEARCH_USER_PATHS = NO;
				COPY_PHASE_STRIP = NO;
				GCC_DYNAMIC_NO_PIC = NO;
				GCC_OPTIMIZATION_LEVEL = 0;
				GCC_PRECOMPILE_PREFIX_HEADER = YES;
				GCC_PREFIX_HEADER = BuildOnSave_Prefix.pch;
				INFOPLIST_FILE = Info.plist;
				INSTALL_PATH = "$(HOME)/Library/Bundles";
				PRODUCT_NAME = BuildOnSave;
				WRAPPER_EXTENSION = codaplugin;
			};
			name = Debug;
		};
		1DEB913C08733D840010E9CD /* Release */ = {
			isa = XCBuildConfiguration;
			buildSettings = {
				ALWAYS_SEARCH_USER_PATHS = NO;
				GCC_PRECOMPILE_PREFIX_HEADER = YES;
				GCC_PREFIX_HEADER = BuildOnSave_Prefix.pch;
				INFOPLIST_FILE = Info.plist;
				INSTALL_PATH = "$(HOME)/Library/Bundles";
				PRODUCT_NAME = BuildOnSave;
				WRAPPER_EXTENSION = codaplugin;
			};
			name = Release;
		};
		1DEB913F08733D840010E9CD /* Debug */ = {
			isa = XCBuildConfiguration;
			buildSettings = {
				ARCHS = "$(ARCHS_STANDARD_32_64_BIT)";
				GCC_C_LANGUAGE_STANDARD = c99;
				GCC_OPTIMIZATION_LEVEL = 0;
				GCC_WARN_ABOUT_RETURN_TYPE = YES;
				GCC_WARN_UNUSED_VARIABLE = YES;
				OBJROOT = /Users/eric/Documents/Development/build;
				ONLY_ACTIVE_ARCH = YES;
				SDKROOT = macosx10.6;
				SYMROOT = "/Users/eric/Library/Application Support/Coda 2/Plug-ins";
			};
			name = Debug;
		};
		1DEB914008733D840010E9CD /* Release */ = {
			isa = XCBuildConfiguration;
			buildSettings = {
				ARCHS = "$(ARCHS_STANDARD_32_64_BIT)";
				GCC_C_LANGUAGE_STANDARD = c99;
				GCC_WARN_ABOUT_RETURN_TYPE = YES;
				GCC_WARN_UNUSED_VARIABLE = YES;
				OBJROOT = /Users/eric/Documents/Development/build;
				SDKROOT = macosx10.6;
				SYMROOT = "/Users/eric/Library/Application Support/Coda 2/Plug-ins";
			};
			name = Release;
		};
/* End XCBuildConfiguration section */

/* Begin XCConfigurationList section */
		1DEB913A08733D840010E9CD /* Build configuration list for PBXNativeTarget "BuildOnSave" */ = {
			isa = XCConfigurationList;
			buildConfigurations = (
				1DEB913B08733D840010E9CD /* Debug */,
				1DEB913C08733D840010E9CD /* Release */,
			);
			defaultConfigurationIsVisible = 0;
			defaultConfigurationName = Release;
		};
		1DEB913E08733D840010E9CD /* Build configuration list for PBXProject "BuildOnSave" */ = {
			isa = XCConfigurationList;
			buildConfigurations = (
				1DEB913F08733D840010E9CD /* Debug */,
				1DEB914008733D840010E9CD /* Release */,
			);
			defaultConfigurationIsVisible = 0;
			defaultConfigurationName = Release;
		};
/* End XCConfigurationList section */
	};
	rootObject = 089C1669FE841209C02AAC07 /* Project object */;
}
